// !$*UTF8*$!
{
	archiveVersion = 1;
	classes = {
	};
	objectVersion = 48;
	objects = {

/* Begin PBXBuildFile section */
		281A2CF21FE170EC00D95B1B /* News.m in Sources */ = {isa = PBXBuildFile; fileRef = 281A2CF11FE170EC00D95B1B /* News.m */; };
		284B2F74201F586B00D32D63 /* LearnAVFundationViewController.m in Sources */ = {isa = PBXBuildFile; fileRef = 284B2F73201F586B00D32D63 /* LearnAVFundationViewController.m */; };
		284B2F7B2021C13300D32D63 /* GetAlbumPictureViewController.m in Sources */ = {isa = PBXBuildFile; fileRef = 284B2F7A2021C13300D32D63 /* GetAlbumPictureViewController.m */; };
		286C7CFF2004C2EC00F928D1 /* MenuView.m in Sources */ = {isa = PBXBuildFile; fileRef = 286C7CFE2004C2EC00F928D1 /* MenuView.m */; };
		286C7D022004C40800F928D1 /* BasicMenuController.m in Sources */ = {isa = PBXBuildFile; fileRef = 286C7D012004C40800F928D1 /* BasicMenuController.m */; };
		289570EB1FEBA4290089DC06 /* Image.bundle in Resources */ = {isa = PBXBuildFile; fileRef = 289570EA1FEBA4290089DC06 /* Image.bundle */; };
		28AE5BBE2025ABCE002B9B70 /* RootTableViewController.m in Sources */ = {isa = PBXBuildFile; fileRef = 28AE5BBD2025ABCE002B9B70 /* RootTableViewController.m */; };
		28AE5BC22025B5F8002B9B70 /* YunBasicViewController.m in Sources */ = {isa = PBXBuildFile; fileRef = 28AE5BC12025B5F8002B9B70 /* YunBasicViewController.m */; };
		28AE5BC62025B87B002B9B70 /* VideoViewController.m in Sources */ = {isa = PBXBuildFile; fileRef = 28AE5BC52025B87B002B9B70 /* VideoViewController.m */; };
		28AE5BC92025B89B002B9B70 /* AVFoundation.framework in Frameworks */ = {isa = PBXBuildFile; fileRef = 28AE5BC82025B89B002B9B70 /* AVFoundation.framework */; };
		28AE5BCD2025BBDF002B9B70 /* YunPopWindowView.m in Sources */ = {isa = PBXBuildFile; fileRef = 28AE5BCC2025BBDF002B9B70 /* YunPopWindowView.m */; };
		28AE5BD12025BC8E002B9B70 /* YunPopViewController.m in Sources */ = {isa = PBXBuildFile; fileRef = 28AE5BD02025BC8E002B9B70 /* YunPopViewController.m */; };
		28AE5BD6202850A3002B9B70 /* WKWebViewViewController.m in Sources */ = {isa = PBXBuildFile; fileRef = 28AE5BD5202850A3002B9B70 /* WKWebViewViewController.m */; };
		28AE5BDB20298338002B9B70 /* AFNetworkingViewController.m in Sources */ = {isa = PBXBuildFile; fileRef = 28AE5BDA20298338002B9B70 /* AFNetworkingViewController.m */; };
		28AE5BE120298A53002B9B70 /* WebKit.framework in Frameworks */ = {isa = PBXBuildFile; fileRef = 28AE5BE020298A53002B9B70 /* WebKit.framework */; };
		28AE5BE520298E02002B9B70 /* UIScreen+YunUtils.m in Sources */ = {isa = PBXBuildFile; fileRef = 28AE5BE420298E02002B9B70 /* UIScreen+YunUtils.m */; };
		28AE5BEB20299B1F002B9B70 /* DownLoadImageViewController.m in Sources */ = {isa = PBXBuildFile; fileRef = 28AE5BE920299B1F002B9B70 /* DownLoadImageViewController.m */; };
		28C48D1E1FD7FDB50096BAB9 /* AppDelegate.m in Sources */ = {isa = PBXBuildFile; fileRef = 28C48D1D1FD7FDB50096BAB9 /* AppDelegate.m */; };
		28C48D261FD7FDB50096BAB9 /* Assets.xcassets in Resources */ = {isa = PBXBuildFile; fileRef = 28C48D251FD7FDB50096BAB9 /* Assets.xcassets */; };
		28C48D2C1FD7FDB50096BAB9 /* main.m in Sources */ = {isa = PBXBuildFile; fileRef = 28C48D2B1FD7FDB50096BAB9 /* main.m */; };
		28C48D361FD7FDB50096BAB9 /* HelloworldTests.m in Sources */ = {isa = PBXBuildFile; fileRef = 28C48D351FD7FDB50096BAB9 /* HelloworldTests.m */; };
		28C48D411FD7FDB50096BAB9 /* HelloworldUITests.m in Sources */ = {isa = PBXBuildFile; fileRef = 28C48D401FD7FDB50096BAB9 /* HelloworldUITests.m */; };
		28C48D571FD81B7F0096BAB9 /* NewsListTableViewController.m in Sources */ = {isa = PBXBuildFile; fileRef = 28C48D561FD81B7F0096BAB9 /* NewsListTableViewController.m */; };
		28C48D5B1FD81CBC0096BAB9 /* NewsItemTableViewCell.m in Sources */ = {isa = PBXBuildFile; fileRef = 28C48D5A1FD81CBC0096BAB9 /* NewsItemTableViewCell.m */; };
		7604A21244CC47F42A4BA499 /* libPods-Helloworld.a in Frameworks */ = {isa = PBXBuildFile; fileRef = 58DA26AC5CF3E5C7FB069108 /* libPods-Helloworld.a */; };
		CD69D98E20D4F0D3005FA5D1 /* MultiThreadViewController.m in Sources */ = {isa = PBXBuildFile; fileRef = CD69D98D20D4F0D3005FA5D1 /* MultiThreadViewController.m */; };
/* End PBXBuildFile section */

/* Begin PBXContainerItemProxy section */
		28C48D321FD7FDB50096BAB9 /* PBXContainerItemProxy */ = {
			isa = PBXContainerItemProxy;
			containerPortal = 28C48D111FD7FDB50096BAB9 /* Project object */;
			proxyType = 1;
			remoteGlobalIDString = 28C48D181FD7FDB50096BAB9;
			remoteInfo = Helloworld;
		};
		28C48D3D1FD7FDB50096BAB9 /* PBXContainerItemProxy */ = {
			isa = PBXContainerItemProxy;
			containerPortal = 28C48D111FD7FDB50096BAB9 /* Project object */;
			proxyType = 1;
			remoteGlobalIDString = 28C48D181FD7FDB50096BAB9;
			remoteInfo = Helloworld;
		};
/* End PBXContainerItemProxy section */

/* Begin PBXFileReference section */
		0BEB8D0C1BB5909BE0F7BB3C /* Pods-Helloworld.debug.xcconfig */ = {isa = PBXFileReference; includeInIndex = 1; lastKnownFileType = text.xcconfig; name = "Pods-Helloworld.debug.xcconfig"; path = "Pods/Target Support Files/Pods-Helloworld/Pods-Helloworld.debug.xcconfig"; sourceTree = "<group>"; };
		281A2CF01FE170EC00D95B1B /* News.h */ = {isa = PBXFileReference; lastKnownFileType = sourcecode.c.h; path = News.h; sourceTree = "<group>"; };
		281A2CF11FE170EC00D95B1B /* News.m */ = {isa = PBXFileReference; lastKnownFileType = sourcecode.c.objc; path = News.m; sourceTree = "<group>"; };
		284B2F72201F586B00D32D63 /* LearnAVFundationViewController.h */ = {isa = PBXFileReference; lastKnownFileType = sourcecode.c.h; path = LearnAVFundationViewController.h; sourceTree = "<group>"; };
		284B2F73201F586B00D32D63 /* LearnAVFundationViewController.m */ = {isa = PBXFileReference; lastKnownFileType = sourcecode.c.objc; path = LearnAVFundationViewController.m; sourceTree = "<group>"; };
		284B2F792021C13300D32D63 /* GetAlbumPictureViewController.h */ = {isa = PBXFileReference; lastKnownFileType = sourcecode.c.h; path = GetAlbumPictureViewController.h; sourceTree = "<group>"; };
		284B2F7A2021C13300D32D63 /* GetAlbumPictureViewController.m */ = {isa = PBXFileReference; lastKnownFileType = sourcecode.c.objc; path = GetAlbumPictureViewController.m; sourceTree = "<group>"; };
		286C7CFD2004C2EC00F928D1 /* MenuView.h */ = {isa = PBXFileReference; lastKnownFileType = sourcecode.c.h; path = MenuView.h; sourceTree = "<group>"; };
		286C7CFE2004C2EC00F928D1 /* MenuView.m */ = {isa = PBXFileReference; lastKnownFileType = sourcecode.c.objc; path = MenuView.m; sourceTree = "<group>"; };
		286C7D002004C40800F928D1 /* BasicMenuController.h */ = {isa = PBXFileReference; lastKnownFileType = sourcecode.c.h; path = BasicMenuController.h; sourceTree = "<group>"; };
		286C7D012004C40800F928D1 /* BasicMenuController.m */ = {isa = PBXFileReference; lastKnownFileType = sourcecode.c.objc; path = BasicMenuController.m; sourceTree = "<group>"; };
		289570EA1FEBA4290089DC06 /* Image.bundle */ = {isa = PBXFileReference; lastKnownFileType = "wrapper.plug-in"; path = Image.bundle; sourceTree = "<group>"; };
		28AE5BBC2025ABCE002B9B70 /* RootTableViewController.h */ = {isa = PBXFileReference; lastKnownFileType = sourcecode.c.h; path = RootTableViewController.h; sourceTree = "<group>"; };
		28AE5BBD2025ABCE002B9B70 /* RootTableViewController.m */ = {isa = PBXFileReference; lastKnownFileType = sourcecode.c.objc; path = RootTableViewController.m; sourceTree = "<group>"; };
		28AE5BC02025B5F8002B9B70 /* YunBasicViewController.h */ = {isa = PBXFileReference; lastKnownFileType = sourcecode.c.h; path = YunBasicViewController.h; sourceTree = "<group>"; };
		28AE5BC12025B5F8002B9B70 /* YunBasicViewController.m */ = {isa = PBXFileReference; lastKnownFileType = sourcecode.c.objc; path = YunBasicViewController.m; sourceTree = "<group>"; };
		28AE5BC42025B87B002B9B70 /* VideoViewController.h */ = {isa = PBXFileReference; fileEncoding = 4; lastKnownFileType = sourcecode.c.h; path = VideoViewController.h; sourceTree = "<group>"; };
		28AE5BC52025B87B002B9B70 /* VideoViewController.m */ = {isa = PBXFileReference; fileEncoding = 4; lastKnownFileType = sourcecode.c.objc; path = VideoViewController.m; sourceTree = "<group>"; };
		28AE5BC82025B89B002B9B70 /* AVFoundation.framework */ = {isa = PBXFileReference; lastKnownFileType = wrapper.framework; name = AVFoundation.framework; path = System/Library/Frameworks/AVFoundation.framework; sourceTree = SDKROOT; };
		28AE5BCB2025BBDF002B9B70 /* YunPopWindowView.h */ = {isa = PBXFileReference; lastKnownFileType = sourcecode.c.h; path = YunPopWindowView.h; sourceTree = "<group>"; };
		28AE5BCC2025BBDF002B9B70 /* YunPopWindowView.m */ = {isa = PBXFileReference; lastKnownFileType = sourcecode.c.objc; path = YunPopWindowView.m; sourceTree = "<group>"; };
		28AE5BCF2025BC8E002B9B70 /* YunPopViewController.h */ = {isa = PBXFileReference; lastKnownFileType = sourcecode.c.h; path = YunPopViewController.h; sourceTree = "<group>"; };
		28AE5BD02025BC8E002B9B70 /* YunPopViewController.m */ = {isa = PBXFileReference; lastKnownFileType = sourcecode.c.objc; path = YunPopViewController.m; sourceTree = "<group>"; };
		28AE5BD4202850A3002B9B70 /* WKWebViewViewController.h */ = {isa = PBXFileReference; lastKnownFileType = sourcecode.c.h; path = WKWebViewViewController.h; sourceTree = "<group>"; };
		28AE5BD5202850A3002B9B70 /* WKWebViewViewController.m */ = {isa = PBXFileReference; lastKnownFileType = sourcecode.c.objc; path = WKWebViewViewController.m; sourceTree = "<group>"; };
		28AE5BD920298338002B9B70 /* AFNetworkingViewController.h */ = {isa = PBXFileReference; lastKnownFileType = sourcecode.c.h; path = AFNetworkingViewController.h; sourceTree = "<group>"; };
		28AE5BDA20298338002B9B70 /* AFNetworkingViewController.m */ = {isa = PBXFileReference; lastKnownFileType = sourcecode.c.objc; path = AFNetworkingViewController.m; sourceTree = "<group>"; };
		28AE5BDC20298425002B9B70 /* YunPrefixHeader.pch */ = {isa = PBXFileReference; lastKnownFileType = sourcecode.c.h; path = YunPrefixHeader.pch; sourceTree = "<group>"; };
		28AE5BDE2029852E002B9B70 /* CommonMacros.h */ = {isa = PBXFileReference; lastKnownFileType = sourcecode.c.h; path = CommonMacros.h; sourceTree = "<group>"; };
		28AE5BE020298A53002B9B70 /* WebKit.framework */ = {isa = PBXFileReference; lastKnownFileType = wrapper.framework; name = WebKit.framework; path = System/Library/Frameworks/WebKit.framework; sourceTree = SDKROOT; };
		28AE5BE320298E02002B9B70 /* UIScreen+YunUtils.h */ = {isa = PBXFileReference; lastKnownFileType = sourcecode.c.h; path = "UIScreen+YunUtils.h"; sourceTree = "<group>"; };
		28AE5BE420298E02002B9B70 /* UIScreen+YunUtils.m */ = {isa = PBXFileReference; lastKnownFileType = sourcecode.c.objc; path = "UIScreen+YunUtils.m"; sourceTree = "<group>"; };
		28AE5BE620298E76002B9B70 /* YunDataGlobal.h */ = {isa = PBXFileReference; lastKnownFileType = sourcecode.c.h; path = YunDataGlobal.h; sourceTree = "<group>"; };
		28AE5BE7202993A1002B9B70 /* UIKit+Category.h */ = {isa = PBXFileReference; lastKnownFileType = sourcecode.c.h; path = "UIKit+Category.h"; sourceTree = "<group>"; };
		28AE5BE920299B1F002B9B70 /* DownLoadImageViewController.m */ = {isa = PBXFileReference; fileEncoding = 4; lastKnownFileType = sourcecode.c.objc; path = DownLoadImageViewController.m; sourceTree = "<group>"; };
		28AE5BEA20299B1F002B9B70 /* DownLoadImageViewController.h */ = {isa = PBXFileReference; fileEncoding = 4; lastKnownFileType = sourcecode.c.h; path = DownLoadImageViewController.h; sourceTree = "<group>"; };
		28C48D191FD7FDB50096BAB9 /* Helloworld.app */ = {isa = PBXFileReference; explicitFileType = wrapper.application; includeInIndex = 0; path = Helloworld.app; sourceTree = BUILT_PRODUCTS_DIR; };
		28C48D1C1FD7FDB50096BAB9 /* AppDelegate.h */ = {isa = PBXFileReference; lastKnownFileType = sourcecode.c.h; path = AppDelegate.h; sourceTree = "<group>"; };
		28C48D1D1FD7FDB50096BAB9 /* AppDelegate.m */ = {isa = PBXFileReference; lastKnownFileType = sourcecode.c.objc; path = AppDelegate.m; sourceTree = "<group>"; };
		28C48D251FD7FDB50096BAB9 /* Assets.xcassets */ = {isa = PBXFileReference; lastKnownFileType = folder.assetcatalog; path = Assets.xcassets; sourceTree = "<group>"; };
		28C48D2A1FD7FDB50096BAB9 /* Info.plist */ = {isa = PBXFileReference; lastKnownFileType = text.plist.xml; path = Info.plist; sourceTree = "<group>"; };
		28C48D2B1FD7FDB50096BAB9 /* main.m */ = {isa = PBXFileReference; lastKnownFileType = sourcecode.c.objc; path = main.m; sourceTree = "<group>"; };
		28C48D311FD7FDB50096BAB9 /* HelloworldTests.xctest */ = {isa = PBXFileReference; explicitFileType = wrapper.cfbundle; includeInIndex = 0; path = HelloworldTests.xctest; sourceTree = BUILT_PRODUCTS_DIR; };
		28C48D351FD7FDB50096BAB9 /* HelloworldTests.m */ = {isa = PBXFileReference; lastKnownFileType = sourcecode.c.objc; path = HelloworldTests.m; sourceTree = "<group>"; };
		28C48D371FD7FDB50096BAB9 /* Info.plist */ = {isa = PBXFileReference; lastKnownFileType = text.plist.xml; path = Info.plist; sourceTree = "<group>"; };
		28C48D3C1FD7FDB50096BAB9 /* HelloworldUITests.xctest */ = {isa = PBXFileReference; explicitFileType = wrapper.cfbundle; includeInIndex = 0; path = HelloworldUITests.xctest; sourceTree = BUILT_PRODUCTS_DIR; };
		28C48D401FD7FDB50096BAB9 /* HelloworldUITests.m */ = {isa = PBXFileReference; lastKnownFileType = sourcecode.c.objc; path = HelloworldUITests.m; sourceTree = "<group>"; };
		28C48D421FD7FDB50096BAB9 /* Info.plist */ = {isa = PBXFileReference; lastKnownFileType = text.plist.xml; path = Info.plist; sourceTree = "<group>"; };
		28C48D551FD81B7F0096BAB9 /* NewsListTableViewController.h */ = {isa = PBXFileReference; lastKnownFileType = sourcecode.c.h; path = NewsListTableViewController.h; sourceTree = "<group>"; };
		28C48D561FD81B7F0096BAB9 /* NewsListTableViewController.m */ = {isa = PBXFileReference; lastKnownFileType = sourcecode.c.objc; path = NewsListTableViewController.m; sourceTree = "<group>"; };
		28C48D591FD81CBC0096BAB9 /* NewsItemTableViewCell.h */ = {isa = PBXFileReference; lastKnownFileType = sourcecode.c.h; path = NewsItemTableViewCell.h; sourceTree = "<group>"; };
		28C48D5A1FD81CBC0096BAB9 /* NewsItemTableViewCell.m */ = {isa = PBXFileReference; lastKnownFileType = sourcecode.c.objc; path = NewsItemTableViewCell.m; sourceTree = "<group>"; };
		58DA26AC5CF3E5C7FB069108 /* libPods-Helloworld.a */ = {isa = PBXFileReference; explicitFileType = archive.ar; includeInIndex = 0; path = "libPods-Helloworld.a"; sourceTree = BUILT_PRODUCTS_DIR; };
		5BF41C3570CC0F499C96C809 /* Pods-Helloworld.release.xcconfig */ = {isa = PBXFileReference; includeInIndex = 1; lastKnownFileType = text.xcconfig; name = "Pods-Helloworld.release.xcconfig"; path = "Pods/Target Support Files/Pods-Helloworld/Pods-Helloworld.release.xcconfig"; sourceTree = "<group>"; };
		CD69D98C20D4F0D3005FA5D1 /* MultiThreadViewController.h */ = {isa = PBXFileReference; lastKnownFileType = sourcecode.c.h; path = MultiThreadViewController.h; sourceTree = "<group>"; };
		CD69D98D20D4F0D3005FA5D1 /* MultiThreadViewController.m */ = {isa = PBXFileReference; lastKnownFileType = sourcecode.c.objc; path = MultiThreadViewController.m; sourceTree = "<group>"; };
/* End PBXFileReference section */

/* Begin PBXFrameworksBuildPhase section */
		28C48D161FD7FDB50096BAB9 /* Frameworks */ = {
			isa = PBXFrameworksBuildPhase;
			buildActionMask = 2147483647;
			files = (
				28AE5BE120298A53002B9B70 /* WebKit.framework in Frameworks */,
				28AE5BC92025B89B002B9B70 /* AVFoundation.framework in Frameworks */,
				7604A21244CC47F42A4BA499 /* libPods-Helloworld.a in Frameworks */,
			);
			runOnlyForDeploymentPostprocessing = 0;
		};
		28C48D2E1FD7FDB50096BAB9 /* Frameworks */ = {
			isa = PBXFrameworksBuildPhase;
			buildActionMask = 2147483647;
			files = (
			);
			runOnlyForDeploymentPostprocessing = 0;
		};
		28C48D391FD7FDB50096BAB9 /* Frameworks */ = {
			isa = PBXFrameworksBuildPhase;
			buildActionMask = 2147483647;
			files = (
			);
			runOnlyForDeploymentPostprocessing = 0;
		};
/* End PBXFrameworksBuildPhase section */

/* Begin PBXGroup section */
		281A2CEF1FE170C100D95B1B /* model */ = {
			isa = PBXGroup;
			children = (
				281A2CF01FE170EC00D95B1B /* News.h */,
				281A2CF11FE170EC00D95B1B /* News.m */,
			);
			path = model;
			sourceTree = "<group>";
		};
		284B2F71201F583F00D32D63 /* AVFundation */ = {
			isa = PBXGroup;
			children = (
				28AE5BC32025B868002B9B70 /* Video */,
				284B2F72201F586B00D32D63 /* LearnAVFundationViewController.h */,
				284B2F73201F586B00D32D63 /* LearnAVFundationViewController.m */,
			);
			path = AVFundation;
			sourceTree = "<group>";
		};
		284B2F782021C11800D32D63 /* GetAlbum */ = {
			isa = PBXGroup;
			children = (
				284B2F792021C13300D32D63 /* GetAlbumPictureViewController.h */,
				284B2F7A2021C13300D32D63 /* GetAlbumPictureViewController.m */,
			);
			path = GetAlbum;
			sourceTree = "<group>";
		};
		286C7CFB2004BC8100F928D1 /* SubMenu */ = {
			isa = PBXGroup;
			children = (
				286C7CFC2004C29900F928D1 /* Basic */,
			);
			path = SubMenu;
			sourceTree = "<group>";
		};
		286C7CFC2004C29900F928D1 /* Basic */ = {
			isa = PBXGroup;
			children = (
				286C7CFD2004C2EC00F928D1 /* MenuView.h */,
				286C7CFE2004C2EC00F928D1 /* MenuView.m */,
				286C7D002004C40800F928D1 /* BasicMenuController.h */,
				286C7D012004C40800F928D1 /* BasicMenuController.m */,
			);
			path = Basic;
			sourceTree = "<group>";
		};
		286C7D032004CFF800F928D1 /* PageView */ = {
			isa = PBXGroup;
			children = (
			);
			path = PageView;
			sourceTree = "<group>";
		};
		28AE5BBB2025ABA5002B9B70 /* RootViewController */ = {
			isa = PBXGroup;
			children = (
				28AE5BBC2025ABCE002B9B70 /* RootTableViewController.h */,
				28AE5BBD2025ABCE002B9B70 /* RootTableViewController.m */,
			);
			path = RootViewController;
			sourceTree = "<group>";
		};
		28AE5BBF2025B58B002B9B70 /* Basic */ = {
			isa = PBXGroup;
			children = (
				28AE5BC02025B5F8002B9B70 /* YunBasicViewController.h */,
				28AE5BC12025B5F8002B9B70 /* YunBasicViewController.m */,
			);
			path = Basic;
			sourceTree = "<group>";
		};
		28AE5BC32025B868002B9B70 /* Video */ = {
			isa = PBXGroup;
			children = (
				28AE5BC42025B87B002B9B70 /* VideoViewController.h */,
				28AE5BC52025B87B002B9B70 /* VideoViewController.m */,
			);
			path = Video;
			sourceTree = "<group>";
		};
		28AE5BC72025B89B002B9B70 /* Frameworks */ = {
			isa = PBXGroup;
			children = (
				28AE5BE020298A53002B9B70 /* WebKit.framework */,
				28AE5BC82025B89B002B9B70 /* AVFoundation.framework */,
				58DA26AC5CF3E5C7FB069108 /* libPods-Helloworld.a */,
			);
			name = Frameworks;
			sourceTree = "<group>";
		};
		28AE5BCA2025BB28002B9B70 /* PopWindow */ = {
			isa = PBXGroup;
			children = (
				28AE5BD22025BC94002B9B70 /* View */,
				28AE5BCE2025BC32002B9B70 /* Controller */,
			);
			path = PopWindow;
			sourceTree = "<group>";
		};
		28AE5BCE2025BC32002B9B70 /* Controller */ = {
			isa = PBXGroup;
			children = (
				28AE5BCF2025BC8E002B9B70 /* YunPopViewController.h */,
				28AE5BD02025BC8E002B9B70 /* YunPopViewController.m */,
			);
			path = Controller;
			sourceTree = "<group>";
		};
		28AE5BD22025BC94002B9B70 /* View */ = {
			isa = PBXGroup;
			children = (
				28AE5BCB2025BBDF002B9B70 /* YunPopWindowView.h */,
				28AE5BCC2025BBDF002B9B70 /* YunPopWindowView.m */,
			);
			path = View;
			sourceTree = "<group>";
		};
		28AE5BD320285067002B9B70 /* WebView */ = {
			isa = PBXGroup;
			children = (
				28AE5BD4202850A3002B9B70 /* WKWebViewViewController.h */,
				28AE5BD5202850A3002B9B70 /* WKWebViewViewController.m */,
			);
			path = WebView;
			sourceTree = "<group>";
		};
		28AE5BD820298167002B9B70 /* AFNetworking */ = {
			isa = PBXGroup;
			children = (
				28AE5BD920298338002B9B70 /* AFNetworkingViewController.h */,
				28AE5BDA20298338002B9B70 /* AFNetworkingViewController.m */,
			);
			path = AFNetworking;
			sourceTree = "<group>";
		};
		28AE5BDD202984EA002B9B70 /* Common */ = {
			isa = PBXGroup;
			children = (
				28AE5BE220298D5B002B9B70 /* UIKit+Category */,
				28AE5BDE2029852E002B9B70 /* CommonMacros.h */,
				28AE5BE620298E76002B9B70 /* YunDataGlobal.h */,
			);
			path = Common;
			sourceTree = "<group>";
		};
		28AE5BE220298D5B002B9B70 /* UIKit+Category */ = {
			isa = PBXGroup;
			children = (
				28AE5BE7202993A1002B9B70 /* UIKit+Category.h */,
				28AE5BE320298E02002B9B70 /* UIScreen+YunUtils.h */,
				28AE5BE420298E02002B9B70 /* UIScreen+YunUtils.m */,
			);
			path = "UIKit+Category";
			sourceTree = "<group>";
		};
		28AE5BE820299AFD002B9B70 /* NSURLSession */ = {
			isa = PBXGroup;
			children = (
				28AE5BEA20299B1F002B9B70 /* DownLoadImageViewController.h */,
				28AE5BE920299B1F002B9B70 /* DownLoadImageViewController.m */,
			);
			path = NSURLSession;
			sourceTree = "<group>";
		};
		28C48D101FD7FDB50096BAB9 = {
			isa = PBXGroup;
			children = (
				28AE5BDC20298425002B9B70 /* YunPrefixHeader.pch */,
				289570EA1FEBA4290089DC06 /* Image.bundle */,
				28C48D1B1FD7FDB50096BAB9 /* Helloworld */,
				28C48D341FD7FDB50096BAB9 /* HelloworldTests */,
				28C48D3F1FD7FDB50096BAB9 /* HelloworldUITests */,
				28C48D1A1FD7FDB50096BAB9 /* Products */,
				28AE5BC72025B89B002B9B70 /* Frameworks */,
				E0F1566D6ED85F00B23BF688 /* Pods */,
			);
			sourceTree = "<group>";
		};
		28C48D1A1FD7FDB50096BAB9 /* Products */ = {
			isa = PBXGroup;
			children = (
				28C48D191FD7FDB50096BAB9 /* Helloworld.app */,
				28C48D311FD7FDB50096BAB9 /* HelloworldTests.xctest */,
				28C48D3C1FD7FDB50096BAB9 /* HelloworldUITests.xctest */,
			);
			name = Products;
			sourceTree = "<group>";
		};
		28C48D1B1FD7FDB50096BAB9 /* Helloworld */ = {
			isa = PBXGroup;
			children = (
				CD69D98B20D4F060005FA5D1 /* MultiThread */,
				28AE5BE820299AFD002B9B70 /* NSURLSession */,
				28AE5BDD202984EA002B9B70 /* Common */,
				28AE5BD820298167002B9B70 /* AFNetworking */,
				28AE5BD320285067002B9B70 /* WebView */,
				28AE5BCA2025BB28002B9B70 /* PopWindow */,
				28AE5BBF2025B58B002B9B70 /* Basic */,
				28AE5BBB2025ABA5002B9B70 /* RootViewController */,
				284B2F782021C11800D32D63 /* GetAlbum */,
				284B2F71201F583F00D32D63 /* AVFundation */,
				286C7D032004CFF800F928D1 /* PageView */,
				286C7CFB2004BC8100F928D1 /* SubMenu */,
				28C48D511FD81B2E0096BAB9 /* NewsList */,
				28C48D1C1FD7FDB50096BAB9 /* AppDelegate.h */,
				28C48D1D1FD7FDB50096BAB9 /* AppDelegate.m */,
				28C48D251FD7FDB50096BAB9 /* Assets.xcassets */,
				28C48D2A1FD7FDB50096BAB9 /* Info.plist */,
				28C48D2B1FD7FDB50096BAB9 /* main.m */,
			);
			path = Helloworld;
			sourceTree = "<group>";
		};
		28C48D341FD7FDB50096BAB9 /* HelloworldTests */ = {
			isa = PBXGroup;
			children = (
				28C48D351FD7FDB50096BAB9 /* HelloworldTests.m */,
				28C48D371FD7FDB50096BAB9 /* Info.plist */,
			);
			path = HelloworldTests;
			sourceTree = "<group>";
		};
		28C48D3F1FD7FDB50096BAB9 /* HelloworldUITests */ = {
			isa = PBXGroup;
			children = (
				28C48D401FD7FDB50096BAB9 /* HelloworldUITests.m */,
				28C48D421FD7FDB50096BAB9 /* Info.plist */,
			);
			path = HelloworldUITests;
			sourceTree = "<group>";
		};
		28C48D511FD81B2E0096BAB9 /* NewsList */ = {
			isa = PBXGroup;
			children = (
				281A2CEF1FE170C100D95B1B /* model */,
				28C48D5C1FD81CE10096BAB9 /* viewController */,
				28C48D581FD81C830096BAB9 /* cell */,
			);
			path = NewsList;
			sourceTree = "<group>";
		};
		28C48D581FD81C830096BAB9 /* cell */ = {
			isa = PBXGroup;
			children = (
				28C48D591FD81CBC0096BAB9 /* NewsItemTableViewCell.h */,
				28C48D5A1FD81CBC0096BAB9 /* NewsItemTableViewCell.m */,
			);
			path = cell;
			sourceTree = "<group>";
		};
		28C48D5C1FD81CE10096BAB9 /* viewController */ = {
			isa = PBXGroup;
			children = (
				28C48D551FD81B7F0096BAB9 /* NewsListTableViewController.h */,
				28C48D561FD81B7F0096BAB9 /* NewsListTableViewController.m */,
			);
			path = viewController;
			sourceTree = "<group>";
		};
		CD69D98B20D4F060005FA5D1 /* MultiThread */ = {
			isa = PBXGroup;
			children = (
				CD69D98C20D4F0D3005FA5D1 /* MultiThreadViewController.h */,
				CD69D98D20D4F0D3005FA5D1 /* MultiThreadViewController.m */,
			);
			path = MultiThread;
			sourceTree = "<group>";
		};
		E0F1566D6ED85F00B23BF688 /* Pods */ = {
			isa = PBXGroup;
			children = (
				0BEB8D0C1BB5909BE0F7BB3C /* Pods-Helloworld.debug.xcconfig */,
				5BF41C3570CC0F499C96C809 /* Pods-Helloworld.release.xcconfig */,
			);
			name = Pods;
			sourceTree = "<group>";
		};
/* End PBXGroup section */

/* Begin PBXNativeTarget section */
		28C48D181FD7FDB50096BAB9 /* Helloworld */ = {
			isa = PBXNativeTarget;
			buildConfigurationList = 28C48D451FD7FDB50096BAB9 /* Build configuration list for PBXNativeTarget "Helloworld" */;
			buildPhases = (
				8FE786C30FBC23E679E5B336 /* [CP] Check Pods Manifest.lock */,
				28C48D151FD7FDB50096BAB9 /* Sources */,
				28C48D161FD7FDB50096BAB9 /* Frameworks */,
				28C48D171FD7FDB50096BAB9 /* Resources */,
				3289761BBBACC7C31A51AC7C /* [CP] Embed Pods Frameworks */,
				8066123F3B8FEBD06743D91F /* [CP] Copy Pods Resources */,
			);
			buildRules = (
			);
			dependencies = (
			);
			name = Helloworld;
			productName = Helloworld;
			productReference = 28C48D191FD7FDB50096BAB9 /* Helloworld.app */;
			productType = "com.apple.product-type.application";
		};
		28C48D301FD7FDB50096BAB9 /* HelloworldTests */ = {
			isa = PBXNativeTarget;
			buildConfigurationList = 28C48D481FD7FDB50096BAB9 /* Build configuration list for PBXNativeTarget "HelloworldTests" */;
			buildPhases = (
				28C48D2D1FD7FDB50096BAB9 /* Sources */,
				28C48D2E1FD7FDB50096BAB9 /* Frameworks */,
				28C48D2F1FD7FDB50096BAB9 /* Resources */,
			);
			buildRules = (
			);
			dependencies = (
				28C48D331FD7FDB50096BAB9 /* PBXTargetDependency */,
			);
			name = HelloworldTests;
			productName = HelloworldTests;
			productReference = 28C48D311FD7FDB50096BAB9 /* HelloworldTests.xctest */;
			productType = "com.apple.product-type.bundle.unit-test";
		};
		28C48D3B1FD7FDB50096BAB9 /* HelloworldUITests */ = {
			isa = PBXNativeTarget;
			buildConfigurationList = 28C48D4B1FD7FDB50096BAB9 /* Build configuration list for PBXNativeTarget "HelloworldUITests" */;
			buildPhases = (
				28C48D381FD7FDB50096BAB9 /* Sources */,
				28C48D391FD7FDB50096BAB9 /* Frameworks */,
				28C48D3A1FD7FDB50096BAB9 /* Resources */,
			);
			buildRules = (
			);
			dependencies = (
				28C48D3E1FD7FDB50096BAB9 /* PBXTargetDependency */,
			);
			name = HelloworldUITests;
			productName = HelloworldUITests;
			productReference = 28C48D3C1FD7FDB50096BAB9 /* HelloworldUITests.xctest */;
			productType = "com.apple.product-type.bundle.ui-testing";
		};
/* End PBXNativeTarget section */

/* Begin PBXProject section */
		28C48D111FD7FDB50096BAB9 /* Project object */ = {
			isa = PBXProject;
			attributes = {
				LastUpgradeCheck = 0920;
				ORGANIZATIONNAME = zhiyunyu;
				TargetAttributes = {
					28C48D181FD7FDB50096BAB9 = {
						CreatedOnToolsVersion = 9.2;
						ProvisioningStyle = Automatic;
					};
					28C48D301FD7FDB50096BAB9 = {
						CreatedOnToolsVersion = 9.2;
						ProvisioningStyle = Automatic;
						TestTargetID = 28C48D181FD7FDB50096BAB9;
					};
					28C48D3B1FD7FDB50096BAB9 = {
						CreatedOnToolsVersion = 9.2;
						ProvisioningStyle = Automatic;
						TestTargetID = 28C48D181FD7FDB50096BAB9;
					};
				};
			};
			buildConfigurationList = 28C48D141FD7FDB50096BAB9 /* Build configuration list for PBXProject "Helloworld" */;
			compatibilityVersion = "Xcode 8.0";
			developmentRegion = en;
			hasScannedForEncodings = 0;
			knownRegions = (
				en,
				Base,
			);
			mainGroup = 28C48D101FD7FDB50096BAB9;
			productRefGroup = 28C48D1A1FD7FDB50096BAB9 /* Products */;
			projectDirPath = "";
			projectRoot = "";
			targets = (
				28C48D181FD7FDB50096BAB9 /* Helloworld */,
				28C48D301FD7FDB50096BAB9 /* HelloworldTests */,
				28C48D3B1FD7FDB50096BAB9 /* HelloworldUITests */,
			);
		};
/* End PBXProject section */

/* Begin PBXResourcesBuildPhase section */
		28C48D171FD7FDB50096BAB9 /* Resources */ = {
			isa = PBXResourcesBuildPhase;
			buildActionMask = 2147483647;
			files = (
				28C48D261FD7FDB50096BAB9 /* Assets.xcassets in Resources */,
				289570EB1FEBA4290089DC06 /* Image.bundle in Resources */,
			);
			runOnlyForDeploymentPostprocessing = 0;
		};
		28C48D2F1FD7FDB50096BAB9 /* Resources */ = {
			isa = PBXResourcesBuildPhase;
			buildActionMask = 2147483647;
			files = (
			);
			runOnlyForDeploymentPostprocessing = 0;
		};
		28C48D3A1FD7FDB50096BAB9 /* Resources */ = {
			isa = PBXResourcesBuildPhase;
			buildActionMask = 2147483647;
			files = (
			);
			runOnlyForDeploymentPostprocessing = 0;
		};
/* End PBXResourcesBuildPhase section */

/* Begin PBXShellScriptBuildPhase section */
		3289761BBBACC7C31A51AC7C /* [CP] Embed Pods Frameworks */ = {
			isa = PBXShellScriptBuildPhase;
			buildActionMask = 2147483647;
			files = (
			);
			inputPaths = (
			);
			name = "[CP] Embed Pods Frameworks";
			outputPaths = (
			);
			runOnlyForDeploymentPostprocessing = 0;
			shellPath = /bin/sh;
			shellScript = "\"${SRCROOT}/Pods/Target Support Files/Pods-Helloworld/Pods-Helloworld-frameworks.sh\"\n";
			showEnvVarsInLog = 0;
		};
		8066123F3B8FEBD06743D91F /* [CP] Copy Pods Resources */ = {
			isa = PBXShellScriptBuildPhase;
			buildActionMask = 2147483647;
			files = (
			);
			inputPaths = (
			);
			name = "[CP] Copy Pods Resources";
			outputPaths = (
			);
			runOnlyForDeploymentPostprocessing = 0;
			shellPath = /bin/sh;
			shellScript = "\"${SRCROOT}/Pods/Target Support Files/Pods-Helloworld/Pods-Helloworld-resources.sh\"\n";
			showEnvVarsInLog = 0;
		};
		8FE786C30FBC23E679E5B336 /* [CP] Check Pods Manifest.lock */ = {
			isa = PBXShellScriptBuildPhase;
			buildActionMask = 2147483647;
			files = (
			);
			inputPaths = (
				"${PODS_PODFILE_DIR_PATH}/Podfile.lock",
				"${PODS_ROOT}/Manifest.lock",
			);
			name = "[CP] Check Pods Manifest.lock";
			outputPaths = (
				"$(DERIVED_FILE_DIR)/Pods-Helloworld-checkManifestLockResult.txt",
			);
			runOnlyForDeploymentPostprocessing = 0;
			shellPath = /bin/sh;
			shellScript = "diff \"${PODS_PODFILE_DIR_PATH}/Podfile.lock\" \"${PODS_ROOT}/Manifest.lock\" > /dev/null\nif [ $? != 0 ] ; then\n    # print error to STDERR\n    echo \"error: The sandbox is not in sync with the Podfile.lock. Run 'pod install' or update your CocoaPods installation.\" >&2\n    exit 1\nfi\n# This output is used by Xcode 'outputs' to avoid re-running this script phase.\necho \"SUCCESS\" > \"${SCRIPT_OUTPUT_FILE_0}\"\n";
			showEnvVarsInLog = 0;
		};
/* End PBXShellScriptBuildPhase section */

/* Begin PBXSourcesBuildPhase section */
		28C48D151FD7FDB50096BAB9 /* Sources */ = {
			isa = PBXSourcesBuildPhase;
			buildActionMask = 2147483647;
			files = (
				28AE5BEB20299B1F002B9B70 /* DownLoadImageViewController.m in Sources */,
				28C48D5B1FD81CBC0096BAB9 /* NewsItemTableViewCell.m in Sources */,
				28C48D571FD81B7F0096BAB9 /* NewsListTableViewController.m in Sources */,
				28AE5BC62025B87B002B9B70 /* VideoViewController.m in Sources */,
				28AE5BE520298E02002B9B70 /* UIScreen+YunUtils.m in Sources */,
				28AE5BD6202850A3002B9B70 /* WKWebViewViewController.m in Sources */,
				28AE5BD12025BC8E002B9B70 /* YunPopViewController.m in Sources */,
				28AE5BDB20298338002B9B70 /* AFNetworkingViewController.m in Sources */,
				281A2CF21FE170EC00D95B1B /* News.m in Sources */,
				284B2F74201F586B00D32D63 /* LearnAVFundationViewController.m in Sources */,
				286C7D022004C40800F928D1 /* BasicMenuController.m in Sources */,
				28C48D2C1FD7FDB50096BAB9 /* main.m in Sources */,
				28AE5BCD2025BBDF002B9B70 /* YunPopWindowView.m in Sources */,
				284B2F7B2021C13300D32D63 /* GetAlbumPictureViewController.m in Sources */,
				28C48D1E1FD7FDB50096BAB9 /* AppDelegate.m in Sources */,
				CD69D98E20D4F0D3005FA5D1 /* MultiThreadViewController.m in Sources */,
				28AE5BC22025B5F8002B9B70 /* YunBasicViewController.m in Sources */,
				28AE5BBE2025ABCE002B9B70 /* RootTableViewController.m in Sources */,
				286C7CFF2004C2EC00F928D1 /* MenuView.m in Sources */,
			);
			runOnlyForDeploymentPostprocessing = 0;
		};
		28C48D2D1FD7FDB50096BAB9 /* Sources */ = {
			isa = PBXSourcesBuildPhase;
			buildActionMask = 2147483647;
			files = (
				28C48D361FD7FDB50096BAB9 /* HelloworldTests.m in Sources */,
			);
			runOnlyForDeploymentPostprocessing = 0;
		};
		28C48D381FD7FDB50096BAB9 /* Sources */ = {
			isa = PBXSourcesBuildPhase;
			buildActionMask = 2147483647;
			files = (
				28C48D411FD7FDB50096BAB9 /* HelloworldUITests.m in Sources */,
			);
			runOnlyForDeploymentPostprocessing = 0;
		};
/* End PBXSourcesBuildPhase section */

/* Begin PBXTargetDependency section */
		28C48D331FD7FDB50096BAB9 /* PBXTargetDependency */ = {
			isa = PBXTargetDependency;
			target = 28C48D181FD7FDB50096BAB9 /* Helloworld */;
			targetProxy = 28C48D321FD7FDB50096BAB9 /* PBXContainerItemProxy */;
		};
		28C48D3E1FD7FDB50096BAB9 /* PBXTargetDependency */ = {
			isa = PBXTargetDependency;
			target = 28C48D181FD7FDB50096BAB9 /* Helloworld */;
			targetProxy = 28C48D3D1FD7FDB50096BAB9 /* PBXContainerItemProxy */;
		};
/* End PBXTargetDependency section */

/* Begin XCBuildConfiguration section */
		28C48D431FD7FDB50096BAB9 /* Debug */ = {
			isa = XCBuildConfiguration;
			buildSettings = {
				ALWAYS_SEARCH_USER_PATHS = NO;
				CLANG_ANALYZER_NONNULL = YES;
				CLANG_ANALYZER_NUMBER_OBJECT_CONVERSION = YES_AGGRESSIVE;
				CLANG_CXX_LANGUAGE_STANDARD = "gnu++14";
				CLANG_CXX_LIBRARY = "libc++";
				CLANG_ENABLE_MODULES = YES;
				CLANG_ENABLE_OBJC_ARC = YES;
				CLANG_WARN_BLOCK_CAPTURE_AUTORELEASING = YES;
				CLANG_WARN_BOOL_CONVERSION = YES;
				CLANG_WARN_COMMA = YES;
				CLANG_WARN_CONSTANT_CONVERSION = YES;
				CLANG_WARN_DIRECT_OBJC_ISA_USAGE = YES_ERROR;
				CLANG_WARN_DOCUMENTATION_COMMENTS = YES;
				CLANG_WARN_EMPTY_BODY = YES;
				CLANG_WARN_ENUM_CONVERSION = YES;
				CLANG_WARN_INFINITE_RECURSION = YES;
				CLANG_WARN_INT_CONVERSION = YES;
				CLANG_WARN_NON_LITERAL_NULL_CONVERSION = YES;
				CLANG_WARN_OBJC_LITERAL_CONVERSION = YES;
				CLANG_WARN_OBJC_ROOT_CLASS = YES_ERROR;
				CLANG_WARN_RANGE_LOOP_ANALYSIS = YES;
				CLANG_WARN_STRICT_PROTOTYPES = YES;
				CLANG_WARN_SUSPICIOUS_MOVE = YES;
				CLANG_WARN_UNGUARDED_AVAILABILITY = YES_AGGRESSIVE;
				CLANG_WARN_UNREACHABLE_CODE = YES;
				CLANG_WARN__DUPLICATE_METHOD_MATCH = YES;
				CODE_SIGN_IDENTITY = "iPhone Developer";
				COPY_PHASE_STRIP = NO;
				DEBUG_INFORMATION_FORMAT = dwarf;
				ENABLE_STRICT_OBJC_MSGSEND = YES;
				ENABLE_TESTABILITY = YES;
				GCC_C_LANGUAGE_STANDARD = gnu11;
				GCC_DYNAMIC_NO_PIC = NO;
				GCC_NO_COMMON_BLOCKS = YES;
				GCC_OPTIMIZATION_LEVEL = 0;
				GCC_PREPROCESSOR_DEFINITIONS = (
					"DEBUG=1",
					"$(inherited)",
				);
				GCC_WARN_64_TO_32_BIT_CONVERSION = YES;
				GCC_WARN_ABOUT_RETURN_TYPE = YES_ERROR;
				GCC_WARN_UNDECLARED_SELECTOR = YES;
				GCC_WARN_UNINITIALIZED_AUTOS = YES_AGGRESSIVE;
				GCC_WARN_UNUSED_FUNCTION = YES;
				GCC_WARN_UNUSED_VARIABLE = YES;
				IPHONEOS_DEPLOYMENT_TARGET = 11.2;
				MTL_ENABLE_DEBUG_INFO = YES;
				ONLY_ACTIVE_ARCH = YES;
				SDKROOT = iphoneos;
			};
			name = Debug;
		};
		28C48D441FD7FDB50096BAB9 /* Release */ = {
			isa = XCBuildConfiguration;
			buildSettings = {
				ALWAYS_SEARCH_USER_PATHS = NO;
				CLANG_ANALYZER_NONNULL = YES;
				CLANG_ANALYZER_NUMBER_OBJECT_CONVERSION = YES_AGGRESSIVE;
				CLANG_CXX_LANGUAGE_STANDARD = "gnu++14";
				CLANG_CXX_LIBRARY = "libc++";
				CLANG_ENABLE_MODULES = YES;
				CLANG_ENABLE_OBJC_ARC = YES;
				CLANG_WARN_BLOCK_CAPTURE_AUTORELEASING = YES;
				CLANG_WARN_BOOL_CONVERSION = YES;
				CLANG_WARN_COMMA = YES;
				CLANG_WARN_CONSTANT_CONVERSION = YES;
				CLANG_WARN_DIRECT_OBJC_ISA_USAGE = YES_ERROR;
				CLANG_WARN_DOCUMENTATION_COMMENTS = YES;
				CLANG_WARN_EMPTY_BODY = YES;
				CLANG_WARN_ENUM_CONVERSION = YES;
				CLANG_WARN_INFINITE_RECURSION = YES;
				CLANG_WARN_INT_CONVERSION = YES;
				CLANG_WARN_NON_LITERAL_NULL_CONVERSION = YES;
				CLANG_WARN_OBJC_LITERAL_CONVERSION = YES;
				CLANG_WARN_OBJC_ROOT_CLASS = YES_ERROR;
				CLANG_WARN_RANGE_LOOP_ANALYSIS = YES;
				CLANG_WARN_STRICT_PROTOTYPES = YES;
				CLANG_WARN_SUSPICIOUS_MOVE = YES;
				CLANG_WARN_UNGUARDED_AVAILABILITY = YES_AGGRESSIVE;
				CLANG_WARN_UNREACHABLE_CODE = YES;
				CLANG_WARN__DUPLICATE_METHOD_MATCH = YES;
				CODE_SIGN_IDENTITY = "iPhone Developer";
				COPY_PHASE_STRIP = NO;
				DEBUG_INFORMATION_FORMAT = "dwarf-with-dsym";
				ENABLE_NS_ASSERTIONS = NO;
				ENABLE_STRICT_OBJC_MSGSEND = YES;
				GCC_C_LANGUAGE_STANDARD = gnu11;
				GCC_NO_COMMON_BLOCKS = YES;
				GCC_WARN_64_TO_32_BIT_CONVERSION = YES;
				GCC_WARN_ABOUT_RETURN_TYPE = YES_ERROR;
				GCC_WARN_UNDECLARED_SELECTOR = YES;
				GCC_WARN_UNINITIALIZED_AUTOS = YES_AGGRESSIVE;
				GCC_WARN_UNUSED_FUNCTION = YES;
				GCC_WARN_UNUSED_VARIABLE = YES;
				IPHONEOS_DEPLOYMENT_TARGET = 11.2;
				MTL_ENABLE_DEBUG_INFO = NO;
				SDKROOT = iphoneos;
				VALIDATE_PRODUCT = YES;
			};
			name = Release;
		};
		28C48D461FD7FDB50096BAB9 /* Debug */ = {
			isa = XCBuildConfiguration;
			baseConfigurationReference = 0BEB8D0C1BB5909BE0F7BB3C /* Pods-Helloworld.debug.xcconfig */;
			buildSettings = {
				ASSETCATALOG_COMPILER_APPICON_NAME = AppIcon;
				CODE_SIGN_STYLE = Automatic;
				DEVELOPMENT_TEAM = F36KV5ER57;
				GCC_PRECOMPILE_PREFIX_HEADER = YES;
				GCC_PREFIX_HEADER = "$(SRCROOT)/YunPrefixHeader.pch";
				INFOPLIST_FILE = Helloworld/Info.plist;
				LD_RUNPATH_SEARCH_PATHS = "$(inherited) @executable_path/Frameworks";
				PRODUCT_BUNDLE_IDENTIFIER = com.zhiyunyu.Helloworld;
				PRODUCT_NAME = "$(TARGET_NAME)";
				TARGETED_DEVICE_FAMILY = "1,2";
			};
			name = Debug;
		};
		28C48D471FD7FDB50096BAB9 /* Release */ = {
			isa = XCBuildConfiguration;
			baseConfigurationReference = 5BF41C3570CC0F499C96C809 /* Pods-Helloworld.release.xcconfig */;
			buildSettings = {
				ASSETCATALOG_COMPILER_APPICON_NAME = AppIcon;
				CODE_SIGN_STYLE = Automatic;
				DEVELOPMENT_TEAM = F36KV5ER57;
				GCC_PRECOMPILE_PREFIX_HEADER = YES;
				GCC_PREFIX_HEADER = "$(SRCROOT)/YunPrefixHeader.pch";
				INFOPLIST_FILE = Helloworld/Info.plist;
				LD_RUNPATH_SEARCH_PATHS = "$(inherited) @executable_path/Frameworks";
				PRODUCT_BUNDLE_IDENTIFIER = com.zhiyunyu.Helloworld;
				PRODUCT_NAME = "$(TARGET_NAME)";
				TARGETED_DEVICE_FAMILY = "1,2";
			};
			name = Release;
		};
		28C48D491FD7FDB50096BAB9 /* Debug */ = {
			isa = XCBuildConfiguration;
			buildSettings = {
				BUNDLE_LOADER = "$(TEST_HOST)";
				CODE_SIGN_STYLE = Automatic;
				DEVELOPMENT_TEAM = F36KV5ER57;
				INFOPLIST_FILE = HelloworldTests/Info.plist;
				LD_RUNPATH_SEARCH_PATHS = "$(inherited) @executable_path/Frameworks @loader_path/Frameworks";
				PRODUCT_BUNDLE_IDENTIFIER = com.zhiyunyu.HelloworldTests;
				PRODUCT_NAME = "$(TARGET_NAME)";
				TARGETED_DEVICE_FAMILY = "1,2";
				TEST_HOST = "$(BUILT_PRODUCTS_DIR)/Helloworld.app/Helloworld";
			};
			name = Debug;
		};
		28C48D4A1FD7FDB50096BAB9 /* Release */ = {
			isa = XCBuildConfiguration;
			buildSettings = {
				BUNDLE_LOADER = "$(TEST_HOST)";
				CODE_SIGN_STYLE = Automatic;
				DEVELOPMENT_TEAM = F36KV5ER57;
				INFOPLIST_FILE = HelloworldTests/Info.plist;
				LD_RUNPATH_SEARCH_PATHS = "$(inherited) @executable_path/Frameworks @loader_path/Frameworks";
				PRODUCT_BUNDLE_IDENTIFIER = com.zhiyunyu.HelloworldTests;
				PRODUCT_NAME = "$(TARGET_NAME)";
				TARGETED_DEVICE_FAMILY = "1,2";
				TEST_HOST = "$(BUILT_PRODUCTS_DIR)/Helloworld.app/Helloworld";
			};
			name = Release;
		};
		28C48D4C1FD7FDB50096BAB9 /* Debug */ = {
			isa = XCBuildConfiguration;
			buildSettings = {
				CODE_SIGN_STYLE = Automatic;
				DEVELOPMENT_TEAM = F36KV5ER57;
				INFOPLIST_FILE = HelloworldUITests/Info.plist;
				LD_RUNPATH_SEARCH_PATHS = "$(inherited) @executable_path/Frameworks @loader_path/Frameworks";
				PRODUCT_BUNDLE_IDENTIFIER = com.zhiyunyu.HelloworldUITests;
				PRODUCT_NAME = "$(TARGET_NAME)";
				TARGETED_DEVICE_FAMILY = "1,2";
				TEST_TARGET_NAME = Helloworld;
			};
			name = Debug;
		};
		28C48D4D1FD7FDB50096BAB9 /* Release */ = {
			isa = XCBuildConfiguration;
			buildSettings = {
				CODE_SIGN_STYLE = Automatic;
				DEVELOPMENT_TEAM = F36KV5ER57;
				INFOPLIST_FILE = HelloworldUITests/Info.plist;
				LD_RUNPATH_SEARCH_PATHS = "$(inherited) @executable_path/Frameworks @loader_path/Frameworks";
				PRODUCT_BUNDLE_IDENTIFIER = com.zhiyunyu.HelloworldUITests;
				PRODUCT_NAME = "$(TARGET_NAME)";
				TARGETED_DEVICE_FAMILY = "1,2";
				TEST_TARGET_NAME = Helloworld;
			};
			name = Release;
		};
/* End XCBuildConfiguration section */

/* Begin XCConfigurationList section */
		28C48D141FD7FDB50096BAB9 /* Build configuration list for PBXProject "Helloworld" */ = {
			isa = XCConfigurationList;
			buildConfigurations = (
				28C48D431FD7FDB50096BAB9 /* Debug */,
				28C48D441FD7FDB50096BAB9 /* Release */,
			);
			defaultConfigurationIsVisible = 0;
			defaultConfigurationName = Release;
		};
		28C48D451FD7FDB50096BAB9 /* Build configuration list for PBXNativeTarget "Helloworld" */ = {
			isa = XCConfigurationList;
			buildConfigurations = (
				28C48D461FD7FDB50096BAB9 /* Debug */,
				28C48D471FD7FDB50096BAB9 /* Release */,
			);
			defaultConfigurationIsVisible = 0;
			defaultConfigurationName = Release;
		};
		28C48D481FD7FDB50096BAB9 /* Build configuration list for PBXNativeTarget "HelloworldTests" */ = {
			isa = XCConfigurationList;
			buildConfigurations = (
				28C48D491FD7FDB50096BAB9 /* Debug */,
				28C48D4A1FD7FDB50096BAB9 /* Release */,
			);
			defaultConfigurationIsVisible = 0;
			defaultConfigurationName = Release;
		};
		28C48D4B1FD7FDB50096BAB9 /* Build configuration list for PBXNativeTarget "HelloworldUITests" */ = {
			isa = XCConfigurationList;
			buildConfigurations = (
				28C48D4C1FD7FDB50096BAB9 /* Debug */,
				28C48D4D1FD7FDB50096BAB9 /* Release */,
			);
			defaultConfigurationIsVisible = 0;
			defaultConfigurationName = Release;
		};
/* End XCConfigurationList section */
	};
	rootObject = 28C48D111FD7FDB50096BAB9 /* Project object */;
}
